// !$*UTF8*$!
{
	archiveVersion = 1;
	classes = {
	};
	objectVersion = 50;
	objects = {

/* Begin PBXBuildFile section */
		4908C174211B113900529AC1 /* MovieTableViewCell.swift in Sources */ = {isa = PBXBuildFile; fileRef = 4908C170211B113900529AC1 /* MovieTableViewCell.swift */; };
		4908C175211B113900529AC1 /* MovieTableViewCell.xib in Resources */ = {isa = PBXBuildFile; fileRef = 4908C171211B113900529AC1 /* MovieTableViewCell.xib */; };
		4908C176211B113900529AC1 /* UIImageView.swift in Sources */ = {isa = PBXBuildFile; fileRef = 4908C173211B113900529AC1 /* UIImageView.swift */; };
		4908C179211B114300529AC1 /* MovieRequester.swift in Sources */ = {isa = PBXBuildFile; fileRef = 4908C178211B114300529AC1 /* MovieRequester.swift */; };
		4908C17B211B115C00529AC1 /* MoviePresenter.swift in Sources */ = {isa = PBXBuildFile; fileRef = 4908C17A211B115C00529AC1 /* MoviePresenter.swift */; };
		4908C17F211B13AC00529AC1 /* MoviesViewController.swift in Sources */ = {isa = PBXBuildFile; fileRef = 4908C17E211B13AC00529AC1 /* MoviesViewController.swift */; };
		495938152117265300E9F188 /* AppDelegate.swift in Sources */ = {isa = PBXBuildFile; fileRef = 495938142117265300E9F188 /* AppDelegate.swift */; };
		4959381A2117265300E9F188 /* Main.storyboard in Resources */ = {isa = PBXBuildFile; fileRef = 495938182117265300E9F188 /* Main.storyboard */; };
		4959381C2117265500E9F188 /* Assets.xcassets in Resources */ = {isa = PBXBuildFile; fileRef = 4959381B2117265500E9F188 /* Assets.xcassets */; };
		4959381F2117265500E9F188 /* LaunchScreen.storyboard in Resources */ = {isa = PBXBuildFile; fileRef = 4959381D2117265500E9F188 /* LaunchScreen.storyboard */; };
		4959382C21172EAE00E9F188 /* Movie.swift in Sources */ = {isa = PBXBuildFile; fileRef = 4959382B21172EAE00E9F188 /* Movie.swift */; };
		B1B223ECA305C7D9E114B9B1 /* Pods_MoviesApp.framework in Frameworks */ = {isa = PBXBuildFile; fileRef = 7B3DE94E2DB23CE6ECF6A91F /* Pods_MoviesApp.framework */; };
/* End PBXBuildFile section */

/* Begin PBXFileReference section */
		331C8010B5DE31632B13509C /* Pods-MoviesApp.release.xcconfig */ = {isa = PBXFileReference; includeInIndex = 1; lastKnownFileType = text.xcconfig; name = "Pods-MoviesApp.release.xcconfig"; path = "Pods/Target Support Files/Pods-MoviesApp/Pods-MoviesApp.release.xcconfig"; sourceTree = "<group>"; };
		4908C170211B113900529AC1 /* MovieTableViewCell.swift */ = {isa = PBXFileReference; fileEncoding = 4; lastKnownFileType = sourcecode.swift; path = MovieTableViewCell.swift; sourceTree = "<group>"; };
		4908C171211B113900529AC1 /* MovieTableViewCell.xib */ = {isa = PBXFileReference; fileEncoding = 4; lastKnownFileType = file.xib; path = MovieTableViewCell.xib; sourceTree = "<group>"; };
		4908C173211B113900529AC1 /* UIImageView.swift */ = {isa = PBXFileReference; fileEncoding = 4; lastKnownFileType = sourcecode.swift; path = UIImageView.swift; sourceTree = "<group>"; };
		4908C178211B114300529AC1 /* MovieRequester.swift */ = {isa = PBXFileReference; fileEncoding = 4; lastKnownFileType = sourcecode.swift; path = MovieRequester.swift; sourceTree = "<group>"; };
		4908C17A211B115C00529AC1 /* MoviePresenter.swift */ = {isa = PBXFileReference; lastKnownFileType = sourcecode.swift; path = MoviePresenter.swift; sourceTree = "<group>"; };
		4908C17E211B13AC00529AC1 /* MoviesViewController.swift */ = {isa = PBXFileReference; lastKnownFileType = sourcecode.swift; path = MoviesViewController.swift; sourceTree = "<group>"; };
		495938112117265300E9F188 /* MoviesApp.app */ = {isa = PBXFileReference; explicitFileType = wrapper.application; includeInIndex = 0; path = MoviesApp.app; sourceTree = BUILT_PRODUCTS_DIR; };
		495938142117265300E9F188 /* AppDelegate.swift */ = {isa = PBXFileReference; lastKnownFileType = sourcecode.swift; path = AppDelegate.swift; sourceTree = "<group>"; };
		495938192117265300E9F188 /* Base */ = {isa = PBXFileReference; lastKnownFileType = file.storyboard; name = Base; path = Base.lproj/Main.storyboard; sourceTree = "<group>"; };
		4959381B2117265500E9F188 /* Assets.xcassets */ = {isa = PBXFileReference; lastKnownFileType = folder.assetcatalog; path = Assets.xcassets; sourceTree = "<group>"; };
		4959381E2117265500E9F188 /* Base */ = {isa = PBXFileReference; lastKnownFileType = file.storyboard; name = Base; path = Base.lproj/LaunchScreen.storyboard; sourceTree = "<group>"; };
		495938202117265500E9F188 /* Info.plist */ = {isa = PBXFileReference; lastKnownFileType = text.plist.xml; path = Info.plist; sourceTree = "<group>"; };
		4959382B21172EAE00E9F188 /* Movie.swift */ = {isa = PBXFileReference; lastKnownFileType = sourcecode.swift; path = Movie.swift; sourceTree = "<group>"; };
		7B3DE94E2DB23CE6ECF6A91F /* Pods_MoviesApp.framework */ = {isa = PBXFileReference; explicitFileType = wrapper.framework; includeInIndex = 0; path = Pods_MoviesApp.framework; sourceTree = BUILT_PRODUCTS_DIR; };
		AF80CF04D8058BC3AFDBC52A /* Pods-MoviesApp.debug.xcconfig */ = {isa = PBXFileReference; includeInIndex = 1; lastKnownFileType = text.xcconfig; name = "Pods-MoviesApp.debug.xcconfig"; path = "Pods/Target Support Files/Pods-MoviesApp/Pods-MoviesApp.debug.xcconfig"; sourceTree = "<group>"; };
/* End PBXFileReference section */

/* Begin PBXFrameworksBuildPhase section */
		4959380E2117265300E9F188 /* Frameworks */ = {
			isa = PBXFrameworksBuildPhase;
			buildActionMask = 2147483647;
			files = (
				B1B223ECA305C7D9E114B9B1 /* Pods_MoviesApp.framework in Frameworks */,
			);
			runOnlyForDeploymentPostprocessing = 0;
		};
/* End PBXFrameworksBuildPhase section */

/* Begin PBXGroup section */
		418689CC25DE8A32586FCFF3 /* Frameworks */ = {
			isa = PBXGroup;
			children = (
				7B3DE94E2DB23CE6ECF6A91F /* Pods_MoviesApp.framework */,
			);
			name = Frameworks;
			sourceTree = "<group>";
		};
		4908C16F211B113900529AC1 /* Cell */ = {
			isa = PBXGroup;
			children = (
				4908C170211B113900529AC1 /* MovieTableViewCell.swift */,
				4908C171211B113900529AC1 /* MovieTableViewCell.xib */,
			);
			path = Cell;
			sourceTree = "<group>";
		};
		4908C172211B113900529AC1 /* Extension */ = {
			isa = PBXGroup;
			children = (
				4908C173211B113900529AC1 /* UIImageView.swift */,
			);
			path = Extension;
			sourceTree = "<group>";
		};
		4908C177211B114300529AC1 /* Request */ = {
			isa = PBXGroup;
			children = (
				4908C178211B114300529AC1 /* MovieRequester.swift */,
			);
			path = Request;
			sourceTree = "<group>";
		};
		4908C17C211B137E00529AC1 /* Presenter */ = {
			isa = PBXGroup;
			children = (
				4908C17A211B115C00529AC1 /* MoviePresenter.swift */,
			);
			path = Presenter;
			sourceTree = "<group>";
		};
		4908C17D211B139600529AC1 /* View */ = {
			isa = PBXGroup;
			children = (
				4908C17E211B13AC00529AC1 /* MoviesViewController.swift */,
			);
			path = View;
			sourceTree = "<group>";
		};
		495938082117265300E9F188 = {
			isa = PBXGroup;
			children = (
				495938132117265300E9F188 /* MoviesApp */,
				495938122117265300E9F188 /* Products */,
				749F768237219512FA2ACABA /* Pods */,
				418689CC25DE8A32586FCFF3 /* Frameworks */,
			);
			sourceTree = "<group>";
		};
		495938122117265300E9F188 /* Products */ = {
			isa = PBXGroup;
			children = (
				495938112117265300E9F188 /* MoviesApp.app */,
			);
			name = Products;
			sourceTree = "<group>";
		};
		495938132117265300E9F188 /* MoviesApp */ = {
			isa = PBXGroup;
			children = (
				4908C17D211B139600529AC1 /* View */,
				4908C17C211B137E00529AC1 /* Presenter */,
				4908C177211B114300529AC1 /* Request */,
				4908C16F211B113900529AC1 /* Cell */,
				4908C172211B113900529AC1 /* Extension */,
				4959382A211727E200E9F188 /* Model */,
				495938142117265300E9F188 /* AppDelegate.swift */,
				495938182117265300E9F188 /* Main.storyboard */,
				4959381B2117265500E9F188 /* Assets.xcassets */,
				4959381D2117265500E9F188 /* LaunchScreen.storyboard */,
				495938202117265500E9F188 /* Info.plist */,
			);
			path = MoviesApp;
			sourceTree = "<group>";
		};
		4959382A211727E200E9F188 /* Model */ = {
			isa = PBXGroup;
			children = (
				4959382B21172EAE00E9F188 /* Movie.swift */,
			);
			path = Model;
			sourceTree = "<group>";
		};
		749F768237219512FA2ACABA /* Pods */ = {
			isa = PBXGroup;
			children = (
				AF80CF04D8058BC3AFDBC52A /* Pods-MoviesApp.debug.xcconfig */,
				331C8010B5DE31632B13509C /* Pods-MoviesApp.release.xcconfig */,
			);
			name = Pods;
			sourceTree = "<group>";
		};
/* End PBXGroup section */

/* Begin PBXNativeTarget section */
		495938102117265300E9F188 /* MoviesApp */ = {
			isa = PBXNativeTarget;
			buildConfigurationList = 495938232117265500E9F188 /* Build configuration list for PBXNativeTarget "MoviesApp" */;
			buildPhases = (
				B7E667C5CEBFA1D999E0CDC1 /* [CP] Check Pods Manifest.lock */,
				4959380D2117265300E9F188 /* Sources */,
				4959380E2117265300E9F188 /* Frameworks */,
				4959380F2117265300E9F188 /* Resources */,
				139F9AF917C32E233BF9FC0D /* [CP] Embed Pods Frameworks */,
			);
			buildRules = (
			);
			dependencies = (
			);
			name = MoviesApp;
			productName = MoviesApp;
			productReference = 495938112117265300E9F188 /* MoviesApp.app */;
			productType = "com.apple.product-type.application";
		};
/* End PBXNativeTarget section */

/* Begin PBXProject section */
		495938092117265300E9F188 /* Project object */ = {
			isa = PBXProject;
			attributes = {
				LastSwiftUpdateCheck = 0940;
				LastUpgradeCheck = 0940;
				ORGANIZATIONNAME = "Rodrigo Vianna";
				TargetAttributes = {
					495938102117265300E9F188 = {
						CreatedOnToolsVersion = 9.4.1;
					};
				};
			};
			buildConfigurationList = 4959380C2117265300E9F188 /* Build configuration list for PBXProject "MoviesApp" */;
			compatibilityVersion = "Xcode 9.3";
			developmentRegion = en;
			hasScannedForEncodings = 0;
			knownRegions = (
				en,
				Base,
			);
			mainGroup = 495938082117265300E9F188;
			productRefGroup = 495938122117265300E9F188 /* Products */;
			projectDirPath = "";
			projectRoot = "";
			targets = (
				495938102117265300E9F188 /* MoviesApp */,
			);
		};
/* End PBXProject section */

/* Begin PBXResourcesBuildPhase section */
		4959380F2117265300E9F188 /* Resources */ = {
			isa = PBXResourcesBuildPhase;
			buildActionMask = 2147483647;
			files = (
				4959381F2117265500E9F188 /* LaunchScreen.storyboard in Resources */,
				4959381C2117265500E9F188 /* Assets.xcassets in Resources */,
				4908C175211B113900529AC1 /* MovieTableViewCell.xib in Resources */,
				4959381A2117265300E9F188 /* Main.storyboard in Resources */,
			);
			runOnlyForDeploymentPostprocessing = 0;
		};
/* End PBXResourcesBuildPhase section */

/* Begin PBXShellScriptBuildPhase section */
		139F9AF917C32E233BF9FC0D /* [CP] Embed Pods Frameworks */ = {
			isa = PBXShellScriptBuildPhase;
			buildActionMask = 2147483647;
			files = (
			);
			inputPaths = (
				"${SRCROOT}/Pods/Target Support Files/Pods-MoviesApp/Pods-MoviesApp-frameworks.sh",
				"${BUILT_PRODUCTS_DIR}/Alamofire/Alamofire.framework",
				"${BUILT_PRODUCTS_DIR}/SwiftyJSON/SwiftyJSON.framework",
			);
			name = "[CP] Embed Pods Frameworks";
			outputPaths = (
				"${TARGET_BUILD_DIR}/${FRAMEWORKS_FOLDER_PATH}/Alamofire.framework",
				"${TARGET_BUILD_DIR}/${FRAMEWORKS_FOLDER_PATH}/SwiftyJSON.framework",
			);
			runOnlyForDeploymentPostprocessing = 0;
			shellPath = /bin/sh;
			shellScript = "\"${SRCROOT}/Pods/Target Support Files/Pods-MoviesApp/Pods-MoviesApp-frameworks.sh\"\n";
			showEnvVarsInLog = 0;
		};
		B7E667C5CEBFA1D999E0CDC1 /* [CP] Check Pods Manifest.lock */ = {
			isa = PBXShellScriptBuildPhase;
			buildActionMask = 2147483647;
			files = (
			);
			inputPaths = (
				"${PODS_PODFILE_DIR_PATH}/Podfile.lock",
				"${PODS_ROOT}/Manifest.lock",
			);
			name = "[CP] Check Pods Manifest.lock";
			outputPaths = (
				"$(DERIVED_FILE_DIR)/Pods-MoviesApp-checkManifestLockResult.txt",
			);
			runOnlyForDeploymentPostprocessing = 0;
			shellPath = /bin/sh;
			shellScript = "diff \"${PODS_PODFILE_DIR_PATH}/Podfile.lock\" \"${PODS_ROOT}/Manifest.lock\" > /dev/null\nif [ $? != 0 ] ; then\n    # print error to STDERR\n    echo \"error: The sandbox is not in sync with the Podfile.lock. Run 'pod install' or update your CocoaPods installation.\" >&2\n    exit 1\nfi\n# This output is used by Xcode 'outputs' to avoid re-running this script phase.\necho \"SUCCESS\" > \"${SCRIPT_OUTPUT_FILE_0}\"\n";
			showEnvVarsInLog = 0;
		};
/* End PBXShellScriptBuildPhase section */

/* Begin PBXSourcesBuildPhase section */
		4959380D2117265300E9F188 /* Sources */ = {
			isa = PBXSourcesBuildPhase;
			buildActionMask = 2147483647;
			files = (
				4908C176211B113900529AC1 /* UIImageView.swift in Sources */,
				4908C17B211B115C00529AC1 /* MoviePresenter.swift in Sources */,
				4908C179211B114300529AC1 /* MovieRequester.swift in Sources */,
				4959382C21172EAE00E9F188 /* Movie.swift in Sources */,
				495938152117265300E9F188 /* AppDelegate.swift in Sources */,
				4908C17F211B13AC00529AC1 /* MoviesViewController.swift in Sources */,
				4908C174211B113900529AC1 /* MovieTableViewCell.swift in Sources */,
			);
			runOnlyForDeploymentPostprocessing = 0;
		};
/* End PBXSourcesBuildPhase section */

/* Begin PBXVariantGroup section */
		495938182117265300E9F188 /* Main.storyboard */ = {
			isa = PBXVariantGroup;
			children = (
				495938192117265300E9F188 /* Base */,
			);
			name = Main.storyboard;
			sourceTree = "<group>";
		};
		4959381D2117265500E9F188 /* LaunchScreen.storyboard */ = {
			isa = PBXVariantGroup;
			children = (
				4959381E2117265500E9F188 /* Base */,
			);
			name = LaunchScreen.storyboard;
			sourceTree = "<group>";
		};
/* End PBXVariantGroup section */

/* Begin XCBuildConfiguration section */
		495938212117265500E9F188 /* Debug */ = {
			isa = XCBuildConfiguration;
			buildSettings = {
				ALWAYS_SEARCH_USER_PATHS = NO;
				CLANG_ANALYZER_NONNULL = YES;
				CLANG_ANALYZER_NUMBER_OBJECT_CONVERSION = YES_AGGRESSIVE;
				CLANG_CXX_LANGUAGE_STANDARD = "gnu++14";
				CLANG_CXX_LIBRARY = "libc++";
				CLANG_ENABLE_MODULES = YES;
				CLANG_ENABLE_OBJC_ARC = YES;
				CLANG_ENABLE_OBJC_WEAK = YES;
				CLANG_WARN_BLOCK_CAPTURE_AUTORELEASING = YES;
				CLANG_WARN_BOOL_CONVERSION = YES;
				CLANG_WARN_COMMA = YES;
				CLANG_WARN_CONSTANT_CONVERSION = YES;
				CLANG_WARN_DEPRECATED_OBJC_IMPLEMENTATIONS = YES;
				CLANG_WARN_DIRECT_OBJC_ISA_USAGE = YES_ERROR;
				CLANG_WARN_DOCUMENTATION_COMMENTS = YES;
				CLANG_WARN_EMPTY_BODY = YES;
				CLANG_WARN_ENUM_CONVERSION = YES;
				CLANG_WARN_INFINITE_RECURSION = YES;
				CLANG_WARN_INT_CONVERSION = YES;
				CLANG_WARN_NON_LITERAL_NULL_CONVERSION = YES;
				CLANG_WARN_OBJC_IMPLICIT_RETAIN_SELF = YES;
				CLANG_WARN_OBJC_LITERAL_CONVERSION = YES;
				CLANG_WARN_OBJC_ROOT_CLASS = YES_ERROR;
				CLANG_WARN_RANGE_LOOP_ANALYSIS = YES;
				CLANG_WARN_STRICT_PROTOTYPES = YES;
				CLANG_WARN_SUSPICIOUS_MOVE = YES;
				CLANG_WARN_UNGUARDED_AVAILABILITY = YES_AGGRESSIVE;
				CLANG_WARN_UNREACHABLE_CODE = YES;
				CLANG_WARN__DUPLICATE_METHOD_MATCH = YES;
				CODE_SIGN_IDENTITY = "iPhone Developer";
				COPY_PHASE_STRIP = NO;
				DEBUG_INFORMATION_FORMAT = dwarf;
				ENABLE_STRICT_OBJC_MSGSEND = YES;
				ENABLE_TESTABILITY = YES;
				GCC_C_LANGUAGE_STANDARD = gnu11;
				GCC_DYNAMIC_NO_PIC = NO;
				GCC_NO_COMMON_BLOCKS = YES;
				GCC_OPTIMIZATION_LEVEL = 0;
				GCC_PREPROCESSOR_DEFINITIONS = (
					"DEBUG=1",
					"$(inherited)",
				);
				GCC_WARN_64_TO_32_BIT_CONVERSION = YES;
				GCC_WARN_ABOUT_RETURN_TYPE = YES_ERROR;
				GCC_WARN_UNDECLARED_SELECTOR = YES;
				GCC_WARN_UNINITIALIZED_AUTOS = YES_AGGRESSIVE;
				GCC_WARN_UNUSED_FUNCTION = YES;
				GCC_WARN_UNUSED_VARIABLE = YES;
				IPHONEOS_DEPLOYMENT_TARGET = 11.4;
				MTL_ENABLE_DEBUG_INFO = YES;
				ONLY_ACTIVE_ARCH = YES;
				SDKROOT = iphoneos;
				SWIFT_ACTIVE_COMPILATION_CONDITIONS = DEBUG;
				SWIFT_OPTIMIZATION_LEVEL = "-Onone";
			};
			name = Debug;
		};
		495938222117265500E9F188 /* Release */ = {
			isa = XCBuildConfiguration;
			buildSettings = {
				ALWAYS_SEARCH_USER_PATHS = NO;
				CLANG_ANALYZER_NONNULL = YES;
				CLANG_ANALYZER_NUMBER_OBJECT_CONVERSION = YES_AGGRESSIVE;
				CLANG_CXX_LANGUAGE_STANDARD = "gnu++14";
				CLANG_CXX_LIBRARY = "libc++";
				CLANG_ENABLE_MODULES = YES;
				CLANG_ENABLE_OBJC_ARC = YES;
				CLANG_ENABLE_OBJC_WEAK = YES;
				CLANG_WARN_BLOCK_CAPTURE_AUTORELEASING = YES;
				CLANG_WARN_BOOL_CONVERSION = YES;
				CLANG_WARN_COMMA = YES;
				CLANG_WARN_CONSTANT_CONVERSION = YES;
				CLANG_WARN_DEPRECATED_OBJC_IMPLEMENTATIONS = YES;
				CLANG_WARN_DIRECT_OBJC_ISA_USAGE = YES_ERROR;
				CLANG_WARN_DOCUMENTATION_COMMENTS = YES;
				CLANG_WARN_EMPTY_BODY = YES;
				CLANG_WARN_ENUM_CONVERSION = YES;
				CLANG_WARN_INFINITE_RECURSION = YES;
				CLANG_WARN_INT_CONVERSION = YES;
				CLANG_WARN_NON_LITERAL_NULL_CONVERSION = YES;
				CLANG_WARN_OBJC_IMPLICIT_RETAIN_SELF = YES;
				CLANG_WARN_OBJC_LITERAL_CONVERSION = YES;
				CLANG_WARN_OBJC_ROOT_CLASS = YES_ERROR;
				CLANG_WARN_RANGE_LOOP_ANALYSIS = YES;
				CLANG_WARN_STRICT_PROTOTYPES = YES;
				CLANG_WARN_SUSPICIOUS_MOVE = YES;
				CLANG_WARN_UNGUARDED_AVAILABILITY = YES_AGGRESSIVE;
				CLANG_WARN_UNREACHABLE_CODE = YES;
				CLANG_WARN__DUPLICATE_METHOD_MATCH = YES;
				CODE_SIGN_IDENTITY = "iPhone Developer";
				COPY_PHASE_STRIP = NO;
				DEBUG_INFORMATION_FORMAT = "dwarf-with-dsym";
				ENABLE_NS_ASSERTIONS = NO;
				ENABLE_STRICT_OBJC_MSGSEND = YES;
				GCC_C_LANGUAGE_STANDARD = gnu11;
				GCC_NO_COMMON_BLOCKS = YES;
				GCC_WARN_64_TO_32_BIT_CONVERSION = YES;
				GCC_WARN_ABOUT_RETURN_TYPE = YES_ERROR;
				GCC_WARN_UNDECLARED_SELECTOR = YES;
				GCC_WARN_UNINITIALIZED_AUTOS = YES_AGGRESSIVE;
				GCC_WARN_UNUSED_FUNCTION = YES;
				GCC_WARN_UNUSED_VARIABLE = YES;
				IPHONEOS_DEPLOYMENT_TARGET = 11.4;
				MTL_ENABLE_DEBUG_INFO = NO;
				SDKROOT = iphoneos;
				SWIFT_COMPILATION_MODE = wholemodule;
				SWIFT_OPTIMIZATION_LEVEL = "-O";
				VALIDATE_PRODUCT = YES;
			};
			name = Release;
		};
		495938242117265500E9F188 /* Debug */ = {
			isa = XCBuildConfiguration;
			baseConfigurationReference = AF80CF04D8058BC3AFDBC52A /* Pods-MoviesApp.debug.xcconfig */;
			buildSettings = {
				ASSETCATALOG_COMPILER_APPICON_NAME = AppIcon;
				CODE_SIGN_STYLE = Automatic;
				DEVELOPMENT_TEAM = W2EVZPD948;
				INFOPLIST_FILE = MoviesApp/Info.plist;
				LD_RUNPATH_SEARCH_PATHS = (
					"$(inherited)",
					"@executable_path/Frameworks",
				);
				PRODUCT_BUNDLE_IDENTIFIER = br.com.MoviesApp;
				PRODUCT_NAME = "$(TARGET_NAME)";
				SWIFT_VERSION = 4.0;
				TARGETED_DEVICE_FAMILY = "1,2";
			};
			name = Debug;
		};
		495938252117265500E9F188 /* Release */ = {
			isa = XCBuildConfiguration;
			baseConfigurationReference = 331C8010B5DE31632B13509C /* Pods-MoviesApp.release.xcconfig */;
			buildSettings = {
				ASSETCATALOG_COMPILER_APPICON_NAME = AppIcon;
				CODE_SIGN_STYLE = Automatic;
				DEVELOPMENT_TEAM = W2EVZPD948;
				INFOPLIST_FILE = MoviesApp/Info.plist;
				LD_RUNPATH_SEARCH_PATHS = (
					"$(inherited)",
					"@executable_path/Frameworks",
				);
				PRODUCT_BUNDLE_IDENTIFIER = br.com.MoviesApp;
				PRODUCT_NAME = "$(TARGET_NAME)";
				SWIFT_VERSION = 4.0;
				TARGETED_DEVICE_FAMILY = "1,2";
			};
			name = Release;
		};
/* End XCBuildConfiguration section */

/* Begin XCConfigurationList section */
		4959380C2117265300E9F188 /* Build configuration list for PBXProject "MoviesApp" */ = {
			isa = XCConfigurationList;
			buildConfigurations = (
				495938212117265500E9F188 /* Debug */,
				495938222117265500E9F188 /* Release */,
			);
			defaultConfigurationIsVisible = 0;
			defaultConfigurationName = Release;
		};
		495938232117265500E9F188 /* Build configuration list for PBXNativeTarget "MoviesApp" */ = {
			isa = XCConfigurationList;
			buildConfigurations = (
				495938242117265500E9F188 /* Debug */,
				495938252117265500E9F188 /* Release */,
			);
			defaultConfigurationIsVisible = 0;
			defaultConfigurationName = Release;
		};
/* End XCConfigurationList section */
	};
	rootObject = 495938092117265300E9F188 /* Project object */;
}
